
Microsoft Visual Studio Solution File, Format Version 12.00
# Visual Studio Version 17
VisualStudioVersion = 17.4.33103.184
MinimumVisualStudioVersion = 10.0.40219.1
Project("{9A19103F-16F7-4668-BE54-9A1E7A4F7556}") = "PayScale.DataAccess", "PayScale.DataAccess\PayScale.DataAccess.csproj", "{8E222D6C-F754-425E-A116-8142B42A0392}"
EndProject
Project("{9A19103F-16F7-4668-BE54-9A1E7A4F7556}") = "PayScale.Models", "PayScale.Models\PayScale.Models.csproj", "{A07E25D8-385A-4A02-91A1-3E7386101291}"
EndProject
Project("{2150E333-8FDC-42A3-9474-1A3956D46DE8}") = "Web", "Web", "{23D0A952-DF3D-4F75-8CE5-ADA32CC8F9CB}"
EndProject
Project("{2150E333-8FDC-42A3-9474-1A3956D46DE8}") = "DataAccessLayer", "DataAccessLayer", "{3E93B0DF-8920-4B1F-8E75-1E7C2FCE6AEC}"
EndProject
Project("{2150E333-8FDC-42A3-9474-1A3956D46DE8}") = "Models", "Models", "{D19D7790-2375-4DD2-8855-3D341D3AF621}"
EndProject
Project("{9A19103F-16F7-4668-BE54-9A1E7A4F7556}") = "PayScale.API", "PayScale.API\PayScale.API.csproj", "{186B339A-62BB-4BD6-86E6-8FD659C3BE5C}"
EndProject
Project("{FAE04EC0-301F-11D3-BF4B-00C04F79EFBC}") = "PayScale.Website", "PayScale.Website\PayScale.Website.csproj", "{47A87AEA-0A11-4F69-99C4-98440305DCD9}"
EndProject
Project("{2150E333-8FDC-42A3-9474-1A3956D46DE8}") = "BusinessLayer", "BusinessLayer", "{68066D34-C889-41B0-8A4F-DCDC9C79377E}"
EndProject
Project("{FAE04EC0-301F-11D3-BF4B-00C04F79EFBC}") = "PayScale.BusinessLayer", "PayScale.BusinessLayer\PayScale.BusinessLayer.csproj", "{463B01B2-543E-4429-8798-300C53E0C5D4}"
EndProject
Global
	GlobalSection(SolutionConfigurationPlatforms) = preSolution
		Debug|Any CPU = Debug|Any CPU
		Release|Any CPU = Release|Any CPU
	EndGlobalSection
	GlobalSection(ProjectConfigurationPlatforms) = postSolution
		{8E222D6C-F754-425E-A116-8142B42A0392}.Debug|Any CPU.ActiveCfg = Debug|Any CPU
		{8E222D6C-F754-425E-A116-8142B42A0392}.Debug|Any CPU.Build.0 = Debug|Any CPU
		{8E222D6C-F754-425E-A116-8142B42A0392}.Release|Any CPU.ActiveCfg = Release|Any CPU
		{8E222D6C-F754-425E-A116-8142B42A0392}.Release|Any CPU.Build.0 = Release|Any CPU
		{A07E25D8-385A-4A02-91A1-3E7386101291}.Debug|Any CPU.ActiveCfg = Debug|Any CPU
		{A07E25D8-385A-4A02-91A1-3E7386101291}.Debug|Any CPU.Build.0 = Debug|Any CPU
		{A07E25D8-385A-4A02-91A1-3E7386101291}.Release|Any CPU.ActiveCfg = Release|Any CPU
		{A07E25D8-385A-4A02-91A1-3E7386101291}.Release|Any CPU.Build.0 = Release|Any CPU
		{186B339A-62BB-4BD6-86E6-8FD659C3BE5C}.Debug|Any CPU.ActiveCfg = Debug|Any CPU
		{186B339A-62BB-4BD6-86E6-8FD659C3BE5C}.Debug|Any CPU.Build.0 = Debug|Any CPU
		{186B339A-62BB-4BD6-86E6-8FD659C3BE5C}.Release|Any CPU.ActiveCfg = Release|Any CPU
		{186B339A-62BB-4BD6-86E6-8FD659C3BE5C}.Release|Any CPU.Build.0 = Release|Any CPU
		{47A87AEA-0A11-4F69-99C4-98440305DCD9}.Debug|Any CPU.ActiveCfg = Debug|Any CPU
		{47A87AEA-0A11-4F69-99C4-98440305DCD9}.Debug|Any CPU.Build.0 = Debug|Any CPU
		{47A87AEA-0A11-4F69-99C4-98440305DCD9}.Release|Any CPU.ActiveCfg = Release|Any CPU
		{47A87AEA-0A11-4F69-99C4-98440305DCD9}.Release|Any CPU.Build.0 = Release|Any CPU
		{463B01B2-543E-4429-8798-300C53E0C5D4}.Debug|Any CPU.ActiveCfg = Debug|Any CPU
		{463B01B2-543E-4429-8798-300C53E0C5D4}.Debug|Any CPU.Build.0 = Debug|Any CPU
		{463B01B2-543E-4429-8798-300C53E0C5D4}.Release|Any CPU.ActiveCfg = Release|Any CPU
		{463B01B2-543E-4429-8798-300C53E0C5D4}.Release|Any CPU.Build.0 = Release|Any CPU
	EndGlobalSection
	GlobalSection(SolutionProperties) = preSolution
		HideSolutionNode = FALSE
	EndGlobalSection
	GlobalSection(NestedProjects) = preSolution
		{8E222D6C-F754-425E-A116-8142B42A0392} = {3E93B0DF-8920-4B1F-8E75-1E7C2FCE6AEC}
		{A07E25D8-385A-4A02-91A1-3E7386101291} = {D19D7790-2375-4DD2-8855-3D341D3AF621}
		{186B339A-62BB-4BD6-86E6-8FD659C3BE5C} = {23D0A952-DF3D-4F75-8CE5-ADA32CC8F9CB}
		{47A87AEA-0A11-4F69-99C4-98440305DCD9} = {23D0A952-DF3D-4F75-8CE5-ADA32CC8F9CB}
		{463B01B2-543E-4429-8798-300C53E0C5D4} = {68066D34-C889-41B0-8A4F-DCDC9C79377E}
	EndGlobalSection
	GlobalSection(ExtensibilityGlobals) = postSolution
		SolutionGuid = {0B923AD3-9DFF-4539-887F-A9E3031D047D}
	EndGlobalSection
EndGlobal
